
Microsoft Visual Studio Solution File, Format Version 12.00
# Visual Studio Version 17
VisualStudioVersion = 17.9.34728.123
MinimumVisualStudioVersion = 10.0.40219.1
Project("{FAE04EC0-301F-11D3-BF4B-00C04F79EFBC}") = "PasangT_SMS.web", "PasangT_SMS.web\PasangT_SMS.web.csproj", "{DDDD3EE1-3420-4070-9482-1C081D8F43E4}"
EndProject
Global
	GlobalSection(SolutionConfigurationPlatforms) = preSolution
		Debug|Any CPU = Debug|Any CPU
		Release|Any CPU = Release|Any CPU
	EndGlobalSection
	GlobalSection(ProjectConfigurationPlatforms) = postSolution
		{DDDD3EE1-3420-4070-9482-1C081D8F43E4}.Debug|Any CPU.ActiveCfg = Debug|Any CPU
		{DDDD3EE1-3420-4070-9482-1C081D8F43E4}.Debug|Any CPU.Build.0 = Debug|Any CPU
		{DDDD3EE1-3420-4070-9482-1C081D8F43E4}.Release|Any CPU.ActiveCfg = Release|Any CPU
		{DDDD3EE1-3420-4070-9482-1C081D8F43E4}.Release|Any CPU.Build.0 = Release|Any CPU
	EndGlobalSection
	GlobalSection(SolutionProperties) = preSolution
		HideSolutionNode = FALSE
	EndGlobalSection
	GlobalSection(ExtensibilityGlobals) = postSolution
		SolutionGuid = {A74CC705-6B4E-4AFA-A957-04F7EEDD5D61}
	EndGlobalSection
EndGlobal
